
Microsoft Visual Studio Solution File, Format Version 12.00
# Visual Studio Version 17
VisualStudioVersion = 17.4.33205.214
MinimumVisualStudioVersion = 10.0.40219.1
Project("{FAE04EC0-301F-11D3-BF4B-00C04F79EFBC}") = "Entity_Splitting", "Entity_Splitting\Entity_Splitting.csproj", "{0FA348A2-3666-4287-9E57-DB17BB3DE615}"
EndProject
Global
	GlobalSection(SolutionConfigurationPlatforms) = preSolution
		Debug|Any CPU = Debug|Any CPU
		Release|Any CPU = Release|Any CPU
	EndGlobalSection
	GlobalSection(ProjectConfigurationPlatforms) = postSolution
		{0FA348A2-3666-4287-9E57-DB17BB3DE615}.Debug|Any CPU.ActiveCfg = Debug|Any CPU
		{0FA348A2-3666-4287-9E57-DB17BB3DE615}.Debug|Any CPU.Build.0 = Debug|Any CPU
		{0FA348A2-3666-4287-9E57-DB17BB3DE615}.Release|Any CPU.ActiveCfg = Release|Any CPU
		{0FA348A2-3666-4287-9E57-DB17BB3DE615}.Release|Any CPU.Build.0 = Release|Any CPU
	EndGlobalSection
	GlobalSection(SolutionProperties) = preSolution
		HideSolutionNode = FALSE
	EndGlobalSection
	GlobalSection(ExtensibilityGlobals) = postSolution
		SolutionGuid = {F81EDAF1-AE5B-43B3-9F06-6CD5E0CC33CD}
	EndGlobalSection
EndGlobal
