
Microsoft Visual Studio Solution File, Format Version 12.00
# Visual Studio Version 17
VisualStudioVersion = 17.4.33122.133
MinimumVisualStudioVersion = 10.0.40219.1
Project("{FAE04EC0-301F-11D3-BF4B-00C04F79EFBC}") = "Connection_Resiliency", "Connection_Resiliency\Connection_Resiliency.csproj", "{EAD2B38B-CA7E-441A-8A55-AB37E08F326B}"
EndProject
Global
	GlobalSection(SolutionConfigurationPlatforms) = preSolution
		Debug|Any CPU = Debug|Any CPU
		Release|Any CPU = Release|Any CPU
	EndGlobalSection
	GlobalSection(ProjectConfigurationPlatforms) = postSolution
		{EAD2B38B-CA7E-441A-8A55-AB37E08F326B}.Debug|Any CPU.ActiveCfg = Debug|Any CPU
		{EAD2B38B-CA7E-441A-8A55-AB37E08F326B}.Debug|Any CPU.Build.0 = Debug|Any CPU
		{EAD2B38B-CA7E-441A-8A55-AB37E08F326B}.Release|Any CPU.ActiveCfg = Release|Any CPU
		{EAD2B38B-CA7E-441A-8A55-AB37E08F326B}.Release|Any CPU.Build.0 = Release|Any CPU
	EndGlobalSection
	GlobalSection(SolutionProperties) = preSolution
		HideSolutionNode = FALSE
	EndGlobalSection
	GlobalSection(ExtensibilityGlobals) = postSolution
		SolutionGuid = {D5AA54AC-6F1F-49B4-BB39-352EBC58AA1F}
	EndGlobalSection
EndGlobal
